
Microsoft Visual Studio Solution File, Format Version 12.00
# Visual Studio Version 17
VisualStudioVersion = 17.0.31903.59
MinimumVisualStudioVersion = 10.0.40219.1
Project("{FAE04EC0-301F-11D3-BF4B-00C04F79EFBC}") = "screen_sound", "screen_sound\screen_sound.csproj", "{B976ED17-0828-4193-BEE8-B99028C0CB39}"
EndProject
Project("{FAE04EC0-301F-11D3-BF4B-00C04F79EFBC}") = "ClasseContaBancaria", "ClasseContaBancaria\ClasseContaBancaria.csproj", "{F146992B-AA66-4EE5-BDB0-69943E65A1DC}"
EndProject
Project("{FAE04EC0-301F-11D3-BF4B-00C04F79EFBC}") = "ClasseCarro", "ClasseCarro\ClasseCarro.csproj", "{5631434B-DA81-43BD-A998-E1A6929B9F5B}"
EndProject
Project("{FAE04EC0-301F-11D3-BF4B-00C04F79EFBC}") = "ClasseProduto", "ClasseProduto\ClasseProduto.csproj", "{1592012A-F06F-4FBA-A604-A8BB43351967}"
EndProject
Global
	GlobalSection(SolutionConfigurationPlatforms) = preSolution
		Debug|Any CPU = Debug|Any CPU
		Release|Any CPU = Release|Any CPU
	EndGlobalSection
	GlobalSection(SolutionProperties) = preSolution
		HideSolutionNode = FALSE
	EndGlobalSection
	GlobalSection(ProjectConfigurationPlatforms) = postSolution
		{B976ED17-0828-4193-BEE8-B99028C0CB39}.Debug|Any CPU.ActiveCfg = Debug|Any CPU
		{B976ED17-0828-4193-BEE8-B99028C0CB39}.Debug|Any CPU.Build.0 = Debug|Any CPU
		{B976ED17-0828-4193-BEE8-B99028C0CB39}.Release|Any CPU.ActiveCfg = Release|Any CPU
		{B976ED17-0828-4193-BEE8-B99028C0CB39}.Release|Any CPU.Build.0 = Release|Any CPU
		{F146992B-AA66-4EE5-BDB0-69943E65A1DC}.Debug|Any CPU.ActiveCfg = Debug|Any CPU
		{F146992B-AA66-4EE5-BDB0-69943E65A1DC}.Debug|Any CPU.Build.0 = Debug|Any CPU
		{F146992B-AA66-4EE5-BDB0-69943E65A1DC}.Release|Any CPU.ActiveCfg = Release|Any CPU
		{F146992B-AA66-4EE5-BDB0-69943E65A1DC}.Release|Any CPU.Build.0 = Release|Any CPU
		{5631434B-DA81-43BD-A998-E1A6929B9F5B}.Debug|Any CPU.ActiveCfg = Debug|Any CPU
		{5631434B-DA81-43BD-A998-E1A6929B9F5B}.Debug|Any CPU.Build.0 = Debug|Any CPU
		{5631434B-DA81-43BD-A998-E1A6929B9F5B}.Release|Any CPU.ActiveCfg = Release|Any CPU
		{5631434B-DA81-43BD-A998-E1A6929B9F5B}.Release|Any CPU.Build.0 = Release|Any CPU
		{1592012A-F06F-4FBA-A604-A8BB43351967}.Debug|Any CPU.ActiveCfg = Debug|Any CPU
		{1592012A-F06F-4FBA-A604-A8BB43351967}.Debug|Any CPU.Build.0 = Debug|Any CPU
		{1592012A-F06F-4FBA-A604-A8BB43351967}.Release|Any CPU.ActiveCfg = Release|Any CPU
		{1592012A-F06F-4FBA-A604-A8BB43351967}.Release|Any CPU.Build.0 = Release|Any CPU
	EndGlobalSection
EndGlobal
